
Microsoft Visual Studio Solution File, Format Version 12.00
# Visual Studio Version 17
VisualStudioVersion = 17.2.32630.192
MinimumVisualStudioVersion = 10.0.40219.1
Project("{9A19103F-16F7-4668-BE54-9A1E7A4F7556}") = "Sistema.Common", "Sistema.Common\Sistema.Common.csproj", "{BC8AFD9F-9A7F-40CE-918D-9E819B557276}"
EndProject
Project("{FAE04EC0-301F-11D3-BF4B-00C04F79EFBC}") = "Sistema.Web", "Sistema.Web\Sistema.Web.csproj", "{985CC5DE-94FE-41A4-8DB3-1063D5D900FD}"
EndProject
Global
	GlobalSection(SolutionConfigurationPlatforms) = preSolution
		Debug|Any CPU = Debug|Any CPU
		Release|Any CPU = Release|Any CPU
	EndGlobalSection
	GlobalSection(ProjectConfigurationPlatforms) = postSolution
		{BC8AFD9F-9A7F-40CE-918D-9E819B557276}.Debug|Any CPU.ActiveCfg = Debug|Any CPU
		{BC8AFD9F-9A7F-40CE-918D-9E819B557276}.Debug|Any CPU.Build.0 = Debug|Any CPU
		{BC8AFD9F-9A7F-40CE-918D-9E819B557276}.Release|Any CPU.ActiveCfg = Release|Any CPU
		{BC8AFD9F-9A7F-40CE-918D-9E819B557276}.Release|Any CPU.Build.0 = Release|Any CPU
		{985CC5DE-94FE-41A4-8DB3-1063D5D900FD}.Debug|Any CPU.ActiveCfg = Debug|Any CPU
		{985CC5DE-94FE-41A4-8DB3-1063D5D900FD}.Debug|Any CPU.Build.0 = Debug|Any CPU
		{985CC5DE-94FE-41A4-8DB3-1063D5D900FD}.Release|Any CPU.ActiveCfg = Release|Any CPU
		{985CC5DE-94FE-41A4-8DB3-1063D5D900FD}.Release|Any CPU.Build.0 = Release|Any CPU
	EndGlobalSection
	GlobalSection(SolutionProperties) = preSolution
		HideSolutionNode = FALSE
	EndGlobalSection
	GlobalSection(ExtensibilityGlobals) = postSolution
		SolutionGuid = {C1DC49DF-8AE3-4B70-87EE-176A026A48FA}
	EndGlobalSection
EndGlobal
